
Microsoft Visual Studio Solution File, Format Version 12.00
# Visual Studio Version 17
VisualStudioVersion = 17.9.34701.34
MinimumVisualStudioVersion = 10.0.40219.1
Project("{FAE04EC0-301F-11D3-BF4B-00C04F79EFBC}") = "UnoSkiaSwapChainPanelTest", "UnoSkiaSwapChainPanelTest\UnoSkiaSwapChainPanelTest.csproj", "{B69CC6D1-33AC-4BAF-B8D4-A0EC12F3DADF}"
EndProject
Project("{2150E333-8FDC-42A3-9474-1A3956D46DE8}") = "Solution Items", "Solution Items", "{E048934A-944C-4F35-BDEB-27D0D2B6D527}"
	ProjectSection(SolutionItems) = preProject
		.gitignore = .gitignore
		Directory.Build.props = Directory.Build.props
		Directory.Build.targets = Directory.Build.targets
		Directory.Packages.props = Directory.Packages.props
		global.json = global.json
	EndProjectSection
EndProject
Global
	GlobalSection(SolutionConfigurationPlatforms) = preSolution
		Debug|Any CPU = Debug|Any CPU
		Release|Any CPU = Release|Any CPU
	EndGlobalSection
	GlobalSection(ProjectConfigurationPlatforms) = postSolution
		{B69CC6D1-33AC-4BAF-B8D4-A0EC12F3DADF}.Debug|Any CPU.ActiveCfg = Debug|Any CPU
		{B69CC6D1-33AC-4BAF-B8D4-A0EC12F3DADF}.Debug|Any CPU.Build.0 = Debug|Any CPU
		{B69CC6D1-33AC-4BAF-B8D4-A0EC12F3DADF}.Debug|Any CPU.Deploy.0 = Debug|Any CPU
		{B69CC6D1-33AC-4BAF-B8D4-A0EC12F3DADF}.Release|Any CPU.ActiveCfg = Release|Any CPU
		{B69CC6D1-33AC-4BAF-B8D4-A0EC12F3DADF}.Release|Any CPU.Build.0 = Release|Any CPU
		{B69CC6D1-33AC-4BAF-B8D4-A0EC12F3DADF}.Release|Any CPU.Deploy.0 = Release|Any CPU
	EndGlobalSection
	GlobalSection(SolutionProperties) = preSolution
		HideSolutionNode = FALSE
	EndGlobalSection
	GlobalSection(ExtensibilityGlobals) = postSolution
		SolutionGuid = {D0FEB062-4709-4AFB-9C0E-FA48FD8A27E1}
	EndGlobalSection
EndGlobal
